// !$*UTF8*$!
{
	archiveVersion = 1;
	classes = {
	};
	objectVersion = 46;
	objects = {

/* Begin PBXBuildFile section */
		53182B2F008362EFE74321C3 /* libPods-JJLoveSport.a in Frameworks */ = {isa = PBXBuildFile; fileRef = FDD2E7C332FD65F3C41B0900 /* libPods-JJLoveSport.a */; };
		A419355C1EC30B52003FA0FD /* main.m in Sources */ = {isa = PBXBuildFile; fileRef = A419355B1EC30B52003FA0FD /* main.m */; };
		A419355F1EC30B52003FA0FD /* AppDelegate.m in Sources */ = {isa = PBXBuildFile; fileRef = A419355E1EC30B52003FA0FD /* AppDelegate.m */; };
		A41935671EC30B53003FA0FD /* Assets.xcassets in Resources */ = {isa = PBXBuildFile; fileRef = A41935661EC30B53003FA0FD /* Assets.xcassets */; };
		A419356A1EC30B53003FA0FD /* LaunchScreen.storyboard in Resources */ = {isa = PBXBuildFile; fileRef = A41935681EC30B53003FA0FD /* LaunchScreen.storyboard */; };
		A41935B11EC3141E003FA0FD /* JJDiscoverVC.m in Sources */ = {isa = PBXBuildFile; fileRef = A41935911EC3141E003FA0FD /* JJDiscoverVC.m */; };
		A41935B21EC3141E003FA0FD /* JJTabBarVC.m in Sources */ = {isa = PBXBuildFile; fileRef = A41935961EC3141E003FA0FD /* JJTabBarVC.m */; };
		A41935B31EC3141E003FA0FD /* JJMessageVC.m in Sources */ = {isa = PBXBuildFile; fileRef = A419359A1EC3141E003FA0FD /* JJMessageVC.m */; };
		A41935B41EC3141E003FA0FD /* Controllers.json in Resources */ = {isa = PBXBuildFile; fileRef = A419359E1EC3141E003FA0FD /* Controllers.json */; };
		A41935B51EC3141E003FA0FD /* JJProfileVC.m in Sources */ = {isa = PBXBuildFile; fileRef = A41935A21EC3141E003FA0FD /* JJProfileVC.m */; };
		A41935B61EC3141E003FA0FD /* JJSportVC.m in Sources */ = {isa = PBXBuildFile; fileRef = A41935A81EC3141E003FA0FD /* JJSportVC.m */; };
		A41935B71EC3141E003FA0FD /* JJSportCicleVC.m in Sources */ = {isa = PBXBuildFile; fileRef = A41935AE1EC3141E003FA0FD /* JJSportCicleVC.m */; };
		A41935BD1EC32255003FA0FD /* JJSportSupportVC.m in Sources */ = {isa = PBXBuildFile; fileRef = A41935BC1EC32255003FA0FD /* JJSportSupportVC.m */; };
		A41935C01EC32290003FA0FD /* JJSportMapVC.m in Sources */ = {isa = PBXBuildFile; fileRef = A41935BF1EC32290003FA0FD /* JJSportMapVC.m */; };
		A41935C31EC322AD003FA0FD /* JJSportTrackingModel.m in Sources */ = {isa = PBXBuildFile; fileRef = A41935C21EC322AD003FA0FD /* JJSportTrackingModel.m */; };
		A41935C81EC32F33003FA0FD /* UIButton+Addtion.m in Sources */ = {isa = PBXBuildFile; fileRef = A41935C71EC32F33003FA0FD /* UIButton+Addtion.m */; };
		A421683E1ECA026D00DC0486 /* JJCircleTransition.m in Sources */ = {isa = PBXBuildFile; fileRef = A421683D1ECA026D00DC0486 /* JJCircleTransition.m */; };
		A463BCDE1ECD387C00B6235D /* JJSportSpeaker.m in Sources */ = {isa = PBXBuildFile; fileRef = A463BCDD1ECD387C00B6235D /* JJSportSpeaker.m */; };
		A4DF52A91EC4B5A30024B22E /* JJSportPolylineModel.m in Sources */ = {isa = PBXBuildFile; fileRef = A4DF52A81EC4B5A30024B22E /* JJSportPolylineModel.m */; };
		A4DF52AD1EC566AD0024B22E /* UILabel+Addtion.m in Sources */ = {isa = PBXBuildFile; fileRef = A4DF52AC1EC566AD0024B22E /* UILabel+Addtion.m */; };
		A4DF52B31EC5D8850024B22E /* UIColor+Addition.m in Sources */ = {isa = PBXBuildFile; fileRef = A4DF52B21EC5D8850024B22E /* UIColor+Addition.m */; };
		A4DF52B61EC5EC880024B22E /* JJSportMaskView.m in Sources */ = {isa = PBXBuildFile; fileRef = A4DF52B51EC5EC880024B22E /* JJSportMaskView.m */; };
		A4EE6DDC1ECB13C10043DDAC /* JJMapTypeChooseVC.m in Sources */ = {isa = PBXBuildFile; fileRef = A4EE6DDB1ECB13C10043DDAC /* JJMapTypeChooseVC.m */; };
		A4EE6DDE1ECB3DA50043DDAC /* DINCond-Bold.otf in Resources */ = {isa = PBXBuildFile; fileRef = A4EE6DDD1ECB3D060043DDAC /* DINCond-Bold.otf */; };
/* End PBXBuildFile section */

/* Begin PBXFileReference section */
		507F3EAB481801A7B70A968D /* Pods-JJLoveSport.release.xcconfig */ = {isa = PBXFileReference; includeInIndex = 1; lastKnownFileType = text.xcconfig; name = "Pods-JJLoveSport.release.xcconfig"; path = "Pods/Target Support Files/Pods-JJLoveSport/Pods-JJLoveSport.release.xcconfig"; sourceTree = "<group>"; };
		A41935571EC30B52003FA0FD /* JJLoveSport.app */ = {isa = PBXFileReference; explicitFileType = wrapper.application; includeInIndex = 0; path = JJLoveSport.app; sourceTree = BUILT_PRODUCTS_DIR; };
		A419355B1EC30B52003FA0FD /* main.m */ = {isa = PBXFileReference; lastKnownFileType = sourcecode.c.objc; path = main.m; sourceTree = "<group>"; };
		A419355D1EC30B52003FA0FD /* AppDelegate.h */ = {isa = PBXFileReference; lastKnownFileType = sourcecode.c.h; path = AppDelegate.h; sourceTree = "<group>"; };
		A419355E1EC30B52003FA0FD /* AppDelegate.m */ = {isa = PBXFileReference; lastKnownFileType = sourcecode.c.objc; path = AppDelegate.m; sourceTree = "<group>"; };
		A41935661EC30B53003FA0FD /* Assets.xcassets */ = {isa = PBXFileReference; lastKnownFileType = folder.assetcatalog; path = Assets.xcassets; sourceTree = "<group>"; };
		A41935691EC30B53003FA0FD /* Base */ = {isa = PBXFileReference; lastKnownFileType = file.storyboard; name = Base; path = Base.lproj/LaunchScreen.storyboard; sourceTree = "<group>"; };
		A419356B1EC30B53003FA0FD /* Info.plist */ = {isa = PBXFileReference; lastKnownFileType = text.plist.xml; path = Info.plist; sourceTree = "<group>"; };
		A41935901EC3141E003FA0FD /* JJDiscoverVC.h */ = {isa = PBXFileReference; fileEncoding = 4; lastKnownFileType = sourcecode.c.h; path = JJDiscoverVC.h; sourceTree = "<group>"; };
		A41935911EC3141E003FA0FD /* JJDiscoverVC.m */ = {isa = PBXFileReference; fileEncoding = 4; lastKnownFileType = sourcecode.c.objc; path = JJDiscoverVC.m; sourceTree = "<group>"; };
		A41935951EC3141E003FA0FD /* JJTabBarVC.h */ = {isa = PBXFileReference; fileEncoding = 4; lastKnownFileType = sourcecode.c.h; path = JJTabBarVC.h; sourceTree = "<group>"; };
		A41935961EC3141E003FA0FD /* JJTabBarVC.m */ = {isa = PBXFileReference; fileEncoding = 4; lastKnownFileType = sourcecode.c.objc; path = JJTabBarVC.m; sourceTree = "<group>"; };
		A41935991EC3141E003FA0FD /* JJMessageVC.h */ = {isa = PBXFileReference; fileEncoding = 4; lastKnownFileType = sourcecode.c.h; path = JJMessageVC.h; sourceTree = "<group>"; };
		A419359A1EC3141E003FA0FD /* JJMessageVC.m */ = {isa = PBXFileReference; fileEncoding = 4; lastKnownFileType = sourcecode.c.objc; path = JJMessageVC.m; sourceTree = "<group>"; };
		A419359E1EC3141E003FA0FD /* Controllers.json */ = {isa = PBXFileReference; fileEncoding = 4; lastKnownFileType = text.json; path = Controllers.json; sourceTree = "<group>"; };
		A41935A11EC3141E003FA0FD /* JJProfileVC.h */ = {isa = PBXFileReference; fileEncoding = 4; lastKnownFileType = sourcecode.c.h; path = JJProfileVC.h; sourceTree = "<group>"; };
		A41935A21EC3141E003FA0FD /* JJProfileVC.m */ = {isa = PBXFileReference; fileEncoding = 4; lastKnownFileType = sourcecode.c.objc; path = JJProfileVC.m; sourceTree = "<group>"; };
		A41935A71EC3141E003FA0FD /* JJSportVC.h */ = {isa = PBXFileReference; fileEncoding = 4; lastKnownFileType = sourcecode.c.h; path = JJSportVC.h; sourceTree = "<group>"; };
		A41935A81EC3141E003FA0FD /* JJSportVC.m */ = {isa = PBXFileReference; fileEncoding = 4; lastKnownFileType = sourcecode.c.objc; path = JJSportVC.m; sourceTree = "<group>"; };
		A41935AD1EC3141E003FA0FD /* JJSportCicleVC.h */ = {isa = PBXFileReference; fileEncoding = 4; lastKnownFileType = sourcecode.c.h; path = JJSportCicleVC.h; sourceTree = "<group>"; };
		A41935AE1EC3141E003FA0FD /* JJSportCicleVC.m */ = {isa = PBXFileReference; fileEncoding = 4; lastKnownFileType = sourcecode.c.objc; path = JJSportCicleVC.m; sourceTree = "<group>"; };
		A41935B91EC315FD003FA0FD /* PrefixHeader.pch */ = {isa = PBXFileReference; lastKnownFileType = sourcecode.c.h; path = PrefixHeader.pch; sourceTree = "<group>"; };
		A41935BA1EC3165D003FA0FD /* GlobalColor.h */ = {isa = PBXFileReference; fileEncoding = 4; lastKnownFileType = sourcecode.c.h; path = GlobalColor.h; sourceTree = "<group>"; };
		A41935BB1EC32255003FA0FD /* JJSportSupportVC.h */ = {isa = PBXFileReference; fileEncoding = 4; lastKnownFileType = sourcecode.c.h; path = JJSportSupportVC.h; sourceTree = "<group>"; };
		A41935BC1EC32255003FA0FD /* JJSportSupportVC.m */ = {isa = PBXFileReference; fileEncoding = 4; lastKnownFileType = sourcecode.c.objc; path = JJSportSupportVC.m; sourceTree = "<group>"; };
		A41935BE1EC32290003FA0FD /* JJSportMapVC.h */ = {isa = PBXFileReference; fileEncoding = 4; lastKnownFileType = sourcecode.c.h; path = JJSportMapVC.h; sourceTree = "<group>"; };
		A41935BF1EC32290003FA0FD /* JJSportMapVC.m */ = {isa = PBXFileReference; fileEncoding = 4; lastKnownFileType = sourcecode.c.objc; path = JJSportMapVC.m; sourceTree = "<group>"; };
		A41935C11EC322AD003FA0FD /* JJSportTrackingModel.h */ = {isa = PBXFileReference; fileEncoding = 4; lastKnownFileType = sourcecode.c.h; path = JJSportTrackingModel.h; sourceTree = "<group>"; };
		A41935C21EC322AD003FA0FD /* JJSportTrackingModel.m */ = {isa = PBXFileReference; fileEncoding = 4; lastKnownFileType = sourcecode.c.objc; path = JJSportTrackingModel.m; sourceTree = "<group>"; };
		A41935C61EC32F33003FA0FD /* UIButton+Addtion.h */ = {isa = PBXFileReference; fileEncoding = 4; lastKnownFileType = sourcecode.c.h; path = "UIButton+Addtion.h"; sourceTree = "<group>"; };
		A41935C71EC32F33003FA0FD /* UIButton+Addtion.m */ = {isa = PBXFileReference; fileEncoding = 4; lastKnownFileType = sourcecode.c.objc; path = "UIButton+Addtion.m"; sourceTree = "<group>"; };
		A41935C91EC33117003FA0FD /* JJAddtionHeader.h */ = {isa = PBXFileReference; lastKnownFileType = sourcecode.c.h; path = JJAddtionHeader.h; sourceTree = "<group>"; };
		A421683C1ECA026D00DC0486 /* JJCircleTransition.h */ = {isa = PBXFileReference; fileEncoding = 4; lastKnownFileType = sourcecode.c.h; path = JJCircleTransition.h; sourceTree = "<group>"; };
		A421683D1ECA026D00DC0486 /* JJCircleTransition.m */ = {isa = PBXFileReference; fileEncoding = 4; lastKnownFileType = sourcecode.c.objc; path = JJCircleTransition.m; sourceTree = "<group>"; };
		A463BCDC1ECD387C00B6235D /* JJSportSpeaker.h */ = {isa = PBXFileReference; fileEncoding = 4; lastKnownFileType = sourcecode.c.h; path = JJSportSpeaker.h; sourceTree = "<group>"; };
		A463BCDD1ECD387C00B6235D /* JJSportSpeaker.m */ = {isa = PBXFileReference; fileEncoding = 4; lastKnownFileType = sourcecode.c.objc; path = JJSportSpeaker.m; sourceTree = "<group>"; };
		A4DF52A71EC4B5A30024B22E /* JJSportPolylineModel.h */ = {isa = PBXFileReference; fileEncoding = 4; lastKnownFileType = sourcecode.c.h; path = JJSportPolylineModel.h; sourceTree = "<group>"; };
		A4DF52A81EC4B5A30024B22E /* JJSportPolylineModel.m */ = {isa = PBXFileReference; fileEncoding = 4; lastKnownFileType = sourcecode.c.objc; path = JJSportPolylineModel.m; sourceTree = "<group>"; };
		A4DF52AA1EC560200024B22E /* GlobalImage.h */ = {isa = PBXFileReference; lastKnownFileType = sourcecode.c.h; path = GlobalImage.h; sourceTree = "<group>"; };
		A4DF52AB1EC566AD0024B22E /* UILabel+Addtion.h */ = {isa = PBXFileReference; fileEncoding = 4; lastKnownFileType = sourcecode.c.h; path = "UILabel+Addtion.h"; sourceTree = "<group>"; };
		A4DF52AC1EC566AD0024B22E /* UILabel+Addtion.m */ = {isa = PBXFileReference; fileEncoding = 4; lastKnownFileType = sourcecode.c.objc; path = "UILabel+Addtion.m"; sourceTree = "<group>"; };
		A4DF52B11EC5D8850024B22E /* UIColor+Addition.h */ = {isa = PBXFileReference; fileEncoding = 4; lastKnownFileType = sourcecode.c.h; path = "UIColor+Addition.h"; sourceTree = "<group>"; };
		A4DF52B21EC5D8850024B22E /* UIColor+Addition.m */ = {isa = PBXFileReference; fileEncoding = 4; lastKnownFileType = sourcecode.c.objc; path = "UIColor+Addition.m"; sourceTree = "<group>"; };
		A4DF52B41EC5EC880024B22E /* JJSportMaskView.h */ = {isa = PBXFileReference; fileEncoding = 4; lastKnownFileType = sourcecode.c.h; path = JJSportMaskView.h; sourceTree = "<group>"; };
		A4DF52B51EC5EC880024B22E /* JJSportMaskView.m */ = {isa = PBXFileReference; fileEncoding = 4; lastKnownFileType = sourcecode.c.objc; path = JJSportMaskView.m; sourceTree = "<group>"; };
		A4EE6DDA1ECB13C10043DDAC /* JJMapTypeChooseVC.h */ = {isa = PBXFileReference; fileEncoding = 4; lastKnownFileType = sourcecode.c.h; path = JJMapTypeChooseVC.h; sourceTree = "<group>"; };
		A4EE6DDB1ECB13C10043DDAC /* JJMapTypeChooseVC.m */ = {isa = PBXFileReference; fileEncoding = 4; lastKnownFileType = sourcecode.c.objc; path = JJMapTypeChooseVC.m; sourceTree = "<group>"; };
		A4EE6DDD1ECB3D060043DDAC /* DINCond-Bold.otf */ = {isa = PBXFileReference; lastKnownFileType = file; path = "DINCond-Bold.otf"; sourceTree = "<group>"; };
		E4E06A0B614745D52C1F0E2C /* Pods-JJLoveSport.debug.xcconfig */ = {isa = PBXFileReference; includeInIndex = 1; lastKnownFileType = text.xcconfig; name = "Pods-JJLoveSport.debug.xcconfig"; path = "Pods/Target Support Files/Pods-JJLoveSport/Pods-JJLoveSport.debug.xcconfig"; sourceTree = "<group>"; };
		FDD2E7C332FD65F3C41B0900 /* libPods-JJLoveSport.a */ = {isa = PBXFileReference; explicitFileType = archive.ar; includeInIndex = 0; path = "libPods-JJLoveSport.a"; sourceTree = BUILT_PRODUCTS_DIR; };
/* End PBXFileReference section */

/* Begin PBXFrameworksBuildPhase section */
		A41935541EC30B52003FA0FD /* Frameworks */ = {
			isa = PBXFrameworksBuildPhase;
			buildActionMask = 2147483647;
			files = (
				53182B2F008362EFE74321C3 /* libPods-JJLoveSport.a in Frameworks */,
			);
			runOnlyForDeploymentPostprocessing = 0;
		};
/* End PBXFrameworksBuildPhase section */

/* Begin PBXGroup section */
		4F0DAF60903BFAB8D3501A3F /* Frameworks */ = {
			isa = PBXGroup;
			children = (
				FDD2E7C332FD65F3C41B0900 /* libPods-JJLoveSport.a */,
			);
			name = Frameworks;
			sourceTree = "<group>";
		};
		A419354E1EC30B52003FA0FD = {
			isa = PBXGroup;
			children = (
				A41935591EC30B52003FA0FD /* JJLoveSport */,
				A41935581EC30B52003FA0FD /* Products */,
				C9183A74180C47EDFAD174AC /* Pods */,
				4F0DAF60903BFAB8D3501A3F /* Frameworks */,
			);
			sourceTree = "<group>";
		};
		A41935581EC30B52003FA0FD /* Products */ = {
			isa = PBXGroup;
			children = (
				A41935571EC30B52003FA0FD /* JJLoveSport.app */,
			);
			name = Products;
			sourceTree = "<group>";
		};
		A41935591EC30B52003FA0FD /* JJLoveSport */ = {
			isa = PBXGroup;
			children = (
				A4EE6DDD1ECB3D060043DDAC /* DINCond-Bold.otf */,
				A419358D1EC3141E003FA0FD /* Class */,
				A41935B81EC314F7003FA0FD /* Default */,
				A419355A1EC30B52003FA0FD /* Supporting Files */,
			);
			path = JJLoveSport;
			sourceTree = "<group>";
		};
		A419355A1EC30B52003FA0FD /* Supporting Files */ = {
			isa = PBXGroup;
			children = (
				A419355B1EC30B52003FA0FD /* main.m */,
			);
			name = "Supporting Files";
			sourceTree = "<group>";
		};
		A419358D1EC3141E003FA0FD /* Class */ = {
			isa = PBXGroup;
			children = (
				A41935A51EC3141E003FA0FD /* Sport */,
				A419359D1EC3141E003FA0FD /* Other */,
				A419358E1EC3141E003FA0FD /* Discover */,
				A41935941EC3141E003FA0FD /* JJTabBarVC */,
				A41935971EC3141E003FA0FD /* Message */,
				A419359F1EC3141E003FA0FD /* Profile */,
				A41935AB1EC3141E003FA0FD /* SportCicle */,
			);
			path = Class;
			sourceTree = "<group>";
		};
		A419358E1EC3141E003FA0FD /* Discover */ = {
			isa = PBXGroup;
			children = (
				A419358F1EC3141E003FA0FD /* Controller */,
				A41935921EC3141E003FA0FD /* Model */,
				A41935931EC3141E003FA0FD /* View */,
			);
			path = Discover;
			sourceTree = "<group>";
		};
		A419358F1EC3141E003FA0FD /* Controller */ = {
			isa = PBXGroup;
			children = (
				A41935901EC3141E003FA0FD /* JJDiscoverVC.h */,
				A41935911EC3141E003FA0FD /* JJDiscoverVC.m */,
			);
			path = Controller;
			sourceTree = "<group>";
		};
		A41935921EC3141E003FA0FD /* Model */ = {
			isa = PBXGroup;
			children = (
			);
			path = Model;
			sourceTree = "<group>";
		};
		A41935931EC3141E003FA0FD /* View */ = {
			isa = PBXGroup;
			children = (
			);
			path = View;
			sourceTree = "<group>";
		};
		A41935941EC3141E003FA0FD /* JJTabBarVC */ = {
			isa = PBXGroup;
			children = (
				A41935951EC3141E003FA0FD /* JJTabBarVC.h */,
				A41935961EC3141E003FA0FD /* JJTabBarVC.m */,
			);
			path = JJTabBarVC;
			sourceTree = "<group>";
		};
		A41935971EC3141E003FA0FD /* Message */ = {
			isa = PBXGroup;
			children = (
				A41935981EC3141E003FA0FD /* Controller */,
				A419359B1EC3141E003FA0FD /* Model */,
				A419359C1EC3141E003FA0FD /* View */,
			);
			path = Message;
			sourceTree = "<group>";
		};
		A41935981EC3141E003FA0FD /* Controller */ = {
			isa = PBXGroup;
			children = (
				A41935991EC3141E003FA0FD /* JJMessageVC.h */,
				A419359A1EC3141E003FA0FD /* JJMessageVC.m */,
			);
			path = Controller;
			sourceTree = "<group>";
		};
		A419359B1EC3141E003FA0FD /* Model */ = {
			isa = PBXGroup;
			children = (
			);
			path = Model;
			sourceTree = "<group>";
		};
		A419359C1EC3141E003FA0FD /* View */ = {
			isa = PBXGroup;
			children = (
			);
			path = View;
			sourceTree = "<group>";
		};
		A419359D1EC3141E003FA0FD /* Other */ = {
			isa = PBXGroup;
			children = (
				A421683B1ECA026D00DC0486 /* Tool */,
				A41935C51EC32F18003FA0FD /* JJAddtions */,
				A419359E1EC3141E003FA0FD /* Controllers.json */,
				A41935B91EC315FD003FA0FD /* PrefixHeader.pch */,
				A41935BA1EC3165D003FA0FD /* GlobalColor.h */,
				A4DF52AA1EC560200024B22E /* GlobalImage.h */,
			);
			path = Other;
			sourceTree = "<group>";
		};
		A419359F1EC3141E003FA0FD /* Profile */ = {
			isa = PBXGroup;
			children = (
				A41935A01EC3141E003FA0FD /* Controller */,
				A41935A31EC3141E003FA0FD /* Model */,
				A41935A41EC3141E003FA0FD /* View */,
			);
			path = Profile;
			sourceTree = "<group>";
		};
		A41935A01EC3141E003FA0FD /* Controller */ = {
			isa = PBXGroup;
			children = (
				A41935A11EC3141E003FA0FD /* JJProfileVC.h */,
				A41935A21EC3141E003FA0FD /* JJProfileVC.m */,
			);
			path = Controller;
			sourceTree = "<group>";
		};
		A41935A31EC3141E003FA0FD /* Model */ = {
			isa = PBXGroup;
			children = (
			);
			path = Model;
			sourceTree = "<group>";
		};
		A41935A41EC3141E003FA0FD /* View */ = {
			isa = PBXGroup;
			children = (
			);
			path = View;
			sourceTree = "<group>";
		};
		A41935A51EC3141E003FA0FD /* Sport */ = {
			isa = PBXGroup;
			children = (
				A41935A61EC3141E003FA0FD /* Controller */,
				A41935A91EC3141E003FA0FD /* Model */,
				A41935AA1EC3141E003FA0FD /* View */,
			);
			path = Sport;
			sourceTree = "<group>";
		};
		A41935A61EC3141E003FA0FD /* Controller */ = {
			isa = PBXGroup;
			children = (
				A41935A71EC3141E003FA0FD /* JJSportVC.h */,
				A41935A81EC3141E003FA0FD /* JJSportVC.m */,
				A41935BB1EC32255003FA0FD /* JJSportSupportVC.h */,
				A41935BC1EC32255003FA0FD /* JJSportSupportVC.m */,
				A41935BE1EC32290003FA0FD /* JJSportMapVC.h */,
				A41935BF1EC32290003FA0FD /* JJSportMapVC.m */,
			);
			path = Controller;
			sourceTree = "<group>";
		};
		A41935A91EC3141E003FA0FD /* Model */ = {
			isa = PBXGroup;
			children = (
				A41935C11EC322AD003FA0FD /* JJSportTrackingModel.h */,
				A41935C21EC322AD003FA0FD /* JJSportTrackingModel.m */,
				A4DF52A71EC4B5A30024B22E /* JJSportPolylineModel.h */,
				A4DF52A81EC4B5A30024B22E /* JJSportPolylineModel.m */,
				A4EE6DDA1ECB13C10043DDAC /* JJMapTypeChooseVC.h */,
				A4EE6DDB1ECB13C10043DDAC /* JJMapTypeChooseVC.m */,
				A463BCDC1ECD387C00B6235D /* JJSportSpeaker.h */,
				A463BCDD1ECD387C00B6235D /* JJSportSpeaker.m */,
			);
			path = Model;
			sourceTree = "<group>";
		};
		A41935AA1EC3141E003FA0FD /* View */ = {
			isa = PBXGroup;
			children = (
				A4DF52B41EC5EC880024B22E /* JJSportMaskView.h */,
				A4DF52B51EC5EC880024B22E /* JJSportMaskView.m */,
			);
			path = View;
			sourceTree = "<group>";
		};
		A41935AB1EC3141E003FA0FD /* SportCicle */ = {
			isa = PBXGroup;
			children = (
				A41935AC1EC3141E003FA0FD /* Controller */,
				A41935AF1EC3141E003FA0FD /* Model */,
				A41935B01EC3141E003FA0FD /* View */,
			);
			path = SportCicle;
			sourceTree = "<group>";
		};
		A41935AC1EC3141E003FA0FD /* Controller */ = {
			isa = PBXGroup;
			children = (
				A41935AD1EC3141E003FA0FD /* JJSportCicleVC.h */,
				A41935AE1EC3141E003FA0FD /* JJSportCicleVC.m */,
			);
			path = Controller;
			sourceTree = "<group>";
		};
		A41935AF1EC3141E003FA0FD /* Model */ = {
			isa = PBXGroup;
			children = (
			);
			path = Model;
			sourceTree = "<group>";
		};
		A41935B01EC3141E003FA0FD /* View */ = {
			isa = PBXGroup;
			children = (
			);
			path = View;
			sourceTree = "<group>";
		};
		A41935B81EC314F7003FA0FD /* Default */ = {
			isa = PBXGroup;
			children = (
				A419355D1EC30B52003FA0FD /* AppDelegate.h */,
				A419355E1EC30B52003FA0FD /* AppDelegate.m */,
				A41935661EC30B53003FA0FD /* Assets.xcassets */,
				A41935681EC30B53003FA0FD /* LaunchScreen.storyboard */,
				A419356B1EC30B53003FA0FD /* Info.plist */,
			);
			name = Default;
			sourceTree = "<group>";
		};
		A41935C51EC32F18003FA0FD /* JJAddtions */ = {
			isa = PBXGroup;
			children = (
				A41935C91EC33117003FA0FD /* JJAddtionHeader.h */,
				A41935C61EC32F33003FA0FD /* UIButton+Addtion.h */,
				A41935C71EC32F33003FA0FD /* UIButton+Addtion.m */,
				A4DF52AB1EC566AD0024B22E /* UILabel+Addtion.h */,
				A4DF52AC1EC566AD0024B22E /* UILabel+Addtion.m */,
				A4DF52B11EC5D8850024B22E /* UIColor+Addition.h */,
				A4DF52B21EC5D8850024B22E /* UIColor+Addition.m */,
			);
			path = JJAddtions;
			sourceTree = "<group>";
		};
		A421683B1ECA026D00DC0486 /* Tool */ = {
			isa = PBXGroup;
			children = (
				A421683C1ECA026D00DC0486 /* JJCircleTransition.h */,
				A421683D1ECA026D00DC0486 /* JJCircleTransition.m */,
			);
			path = Tool;
			sourceTree = "<group>";
		};
		C9183A74180C47EDFAD174AC /* Pods */ = {
			isa = PBXGroup;
			children = (
				E4E06A0B614745D52C1F0E2C /* Pods-JJLoveSport.debug.xcconfig */,
				507F3EAB481801A7B70A968D /* Pods-JJLoveSport.release.xcconfig */,
			);
			name = Pods;
			sourceTree = "<group>";
		};
/* End PBXGroup section */

/* Begin PBXNativeTarget section */
		A41935561EC30B52003FA0FD /* JJLoveSport */ = {
			isa = PBXNativeTarget;
			buildConfigurationList = A419356E1EC30B53003FA0FD /* Build configuration list for PBXNativeTarget "JJLoveSport" */;
			buildPhases = (
				320E2EBD7610066934596D71 /* [CP] Check Pods Manifest.lock */,
				A41935531EC30B52003FA0FD /* Sources */,
				A41935541EC30B52003FA0FD /* Frameworks */,
				A41935551EC30B52003FA0FD /* Resources */,
				035F721E185FB2C00BEA346C /* [CP] Embed Pods Frameworks */,
				04AB9D00EDC3513D9E7B978A /* [CP] Copy Pods Resources */,
			);
			buildRules = (
			);
			dependencies = (
			);
			name = JJLoveSport;
			productName = JJLoveSport;
			productReference = A41935571EC30B52003FA0FD /* JJLoveSport.app */;
			productType = "com.apple.product-type.application";
		};
/* End PBXNativeTarget section */

/* Begin PBXProject section */
		A419354F1EC30B52003FA0FD /* Project object */ = {
			isa = PBXProject;
			attributes = {
				LastUpgradeCheck = 0830;
				ORGANIZATIONNAME = "罗文琦";
				TargetAttributes = {
					A41935561EC30B52003FA0FD = {
						CreatedOnToolsVersion = 8.3.2;
						DevelopmentTeam = RJ4BT4DZ57;
						ProvisioningStyle = Manual;
						SystemCapabilities = {
							com.apple.BackgroundModes = {
								enabled = 1;
							};
						};
					};
				};
			};
			buildConfigurationList = A41935521EC30B52003FA0FD /* Build configuration list for PBXProject "JJLoveSport" */;
			compatibilityVersion = "Xcode 3.2";
			developmentRegion = English;
			hasScannedForEncodings = 0;
			knownRegions = (
				en,
				Base,
			);
			mainGroup = A419354E1EC30B52003FA0FD;
			productRefGroup = A41935581EC30B52003FA0FD /* Products */;
			projectDirPath = "";
			projectRoot = "";
			targets = (
				A41935561EC30B52003FA0FD /* JJLoveSport */,
			);
		};
/* End PBXProject section */

/* Begin PBXResourcesBuildPhase section */
		A41935551EC30B52003FA0FD /* Resources */ = {
			isa = PBXResourcesBuildPhase;
			buildActionMask = 2147483647;
			files = (
				A4EE6DDE1ECB3DA50043DDAC /* DINCond-Bold.otf in Resources */,
				A419356A1EC30B53003FA0FD /* LaunchScreen.storyboard in Resources */,
				A41935B41EC3141E003FA0FD /* Controllers.json in Resources */,
				A41935671EC30B53003FA0FD /* Assets.xcassets in Resources */,
			);
			runOnlyForDeploymentPostprocessing = 0;
		};
/* End PBXResourcesBuildPhase section */

/* Begin PBXShellScriptBuildPhase section */
		035F721E185FB2C00BEA346C /* [CP] Embed Pods Frameworks */ = {
			isa = PBXShellScriptBuildPhase;
			buildActionMask = 2147483647;
			files = (
			);
			inputPaths = (
			);
			name = "[CP] Embed Pods Frameworks";
			outputPaths = (
			);
			runOnlyForDeploymentPostprocessing = 0;
			shellPath = /bin/sh;
			shellScript = "\"${SRCROOT}/Pods/Target Support Files/Pods-JJLoveSport/Pods-JJLoveSport-frameworks.sh\"\n";
			showEnvVarsInLog = 0;
		};
		04AB9D00EDC3513D9E7B978A /* [CP] Copy Pods Resources */ = {
			isa = PBXShellScriptBuildPhase;
			buildActionMask = 2147483647;
			files = (
			);
			inputPaths = (
			);
			name = "[CP] Copy Pods Resources";
			outputPaths = (
			);
			runOnlyForDeploymentPostprocessing = 0;
			shellPath = /bin/sh;
			shellScript = "\"${SRCROOT}/Pods/Target Support Files/Pods-JJLoveSport/Pods-JJLoveSport-resources.sh\"\n";
			showEnvVarsInLog = 0;
		};
		320E2EBD7610066934596D71 /* [CP] Check Pods Manifest.lock */ = {
			isa = PBXShellScriptBuildPhase;
			buildActionMask = 2147483647;
			files = (
			);
			inputPaths = (
			);
			name = "[CP] Check Pods Manifest.lock";
			outputPaths = (
			);
			runOnlyForDeploymentPostprocessing = 0;
			shellPath = /bin/sh;
			shellScript = "diff \"${PODS_ROOT}/../Podfile.lock\" \"${PODS_ROOT}/Manifest.lock\" > /dev/null\nif [ $? != 0 ] ; then\n    # print error to STDERR\n    echo \"error: The sandbox is not in sync with the Podfile.lock. Run 'pod install' or update your CocoaPods installation.\" >&2\n    exit 1\nfi\n";
			showEnvVarsInLog = 0;
		};
/* End PBXShellScriptBuildPhase section */

/* Begin PBXSourcesBuildPhase section */
		A41935531EC30B52003FA0FD /* Sources */ = {
			isa = PBXSourcesBuildPhase;
			buildActionMask = 2147483647;
			files = (
				A41935B71EC3141E003FA0FD /* JJSportCicleVC.m in Sources */,
				A41935C31EC322AD003FA0FD /* JJSportTrackingModel.m in Sources */,
				A41935B21EC3141E003FA0FD /* JJTabBarVC.m in Sources */,
				A41935B31EC3141E003FA0FD /* JJMessageVC.m in Sources */,
				A421683E1ECA026D00DC0486 /* JJCircleTransition.m in Sources */,
				A41935B61EC3141E003FA0FD /* JJSportVC.m in Sources */,
				A41935B51EC3141E003FA0FD /* JJProfileVC.m in Sources */,
				A4DF52AD1EC566AD0024B22E /* UILabel+Addtion.m in Sources */,
				A4DF52A91EC4B5A30024B22E /* JJSportPolylineModel.m in Sources */,
				A419355F1EC30B52003FA0FD /* AppDelegate.m in Sources */,
				A4DF52B31EC5D8850024B22E /* UIColor+Addition.m in Sources */,
				A41935B11EC3141E003FA0FD /* JJDiscoverVC.m in Sources */,
				A419355C1EC30B52003FA0FD /* main.m in Sources */,
				A41935C81EC32F33003FA0FD /* UIButton+Addtion.m in Sources */,
				A4EE6DDC1ECB13C10043DDAC /* JJMapTypeChooseVC.m in Sources */,
				A41935C01EC32290003FA0FD /* JJSportMapVC.m in Sources */,
				A41935BD1EC32255003FA0FD /* JJSportSupportVC.m in Sources */,
				A463BCDE1ECD387C00B6235D /* JJSportSpeaker.m in Sources */,
				A4DF52B61EC5EC880024B22E /* JJSportMaskView.m in Sources */,
			);
			runOnlyForDeploymentPostprocessing = 0;
		};
/* End PBXSourcesBuildPhase section */

/* Begin PBXVariantGroup section */
		A41935681EC30B53003FA0FD /* LaunchScreen.storyboard */ = {
			isa = PBXVariantGroup;
			children = (
				A41935691EC30B53003FA0FD /* Base */,
			);
			name = LaunchScreen.storyboard;
			sourceTree = "<group>";
		};
/* End PBXVariantGroup section */

/* Begin XCBuildConfiguration section */
		A419356C1EC30B53003FA0FD /* Debug */ = {
			isa = XCBuildConfiguration;
			buildSettings = {
				ALWAYS_SEARCH_USER_PATHS = NO;
				CLANG_ANALYZER_NONNULL = YES;
				CLANG_ANALYZER_NUMBER_OBJECT_CONVERSION = YES_AGGRESSIVE;
				CLANG_CXX_LANGUAGE_STANDARD = "gnu++0x";
				CLANG_CXX_LIBRARY = "libc++";
				CLANG_ENABLE_MODULES = YES;
				CLANG_ENABLE_OBJC_ARC = YES;
				CLANG_WARN_BOOL_CONVERSION = YES;
				CLANG_WARN_CONSTANT_CONVERSION = YES;
				CLANG_WARN_DIRECT_OBJC_ISA_USAGE = YES_ERROR;
				CLANG_WARN_DOCUMENTATION_COMMENTS = YES;
				CLANG_WARN_EMPTY_BODY = YES;
				CLANG_WARN_ENUM_CONVERSION = YES;
				CLANG_WARN_INFINITE_RECURSION = YES;
				CLANG_WARN_INT_CONVERSION = YES;
				CLANG_WARN_OBJC_ROOT_CLASS = YES_ERROR;
				CLANG_WARN_SUSPICIOUS_MOVE = YES;
				CLANG_WARN_UNREACHABLE_CODE = YES;
				CLANG_WARN__DUPLICATE_METHOD_MATCH = YES;
				"CODE_SIGN_IDENTITY[sdk=iphoneos*]" = "iPhone Developer";
				COPY_PHASE_STRIP = NO;
				DEBUG_INFORMATION_FORMAT = dwarf;
				ENABLE_STRICT_OBJC_MSGSEND = YES;
				ENABLE_TESTABILITY = YES;
				GCC_C_LANGUAGE_STANDARD = gnu99;
				GCC_DYNAMIC_NO_PIC = NO;
				GCC_NO_COMMON_BLOCKS = YES;
				GCC_OPTIMIZATION_LEVEL = 0;
				GCC_PREPROCESSOR_DEFINITIONS = (
					"DEBUG=1",
					"$(inherited)",
				);
				GCC_WARN_64_TO_32_BIT_CONVERSION = YES;
				GCC_WARN_ABOUT_RETURN_TYPE = YES_ERROR;
				GCC_WARN_UNDECLARED_SELECTOR = YES;
				GCC_WARN_UNINITIALIZED_AUTOS = YES_AGGRESSIVE;
				GCC_WARN_UNUSED_FUNCTION = YES;
				GCC_WARN_UNUSED_VARIABLE = YES;
				IPHONEOS_DEPLOYMENT_TARGET = 10.3;
				MTL_ENABLE_DEBUG_INFO = YES;
				ONLY_ACTIVE_ARCH = YES;
				SDKROOT = iphoneos;
				TARGETED_DEVICE_FAMILY = "1,2";
			};
			name = Debug;
		};
		A419356D1EC30B53003FA0FD /* Release */ = {
			isa = XCBuildConfiguration;
			buildSettings = {
				ALWAYS_SEARCH_USER_PATHS = NO;
				CLANG_ANALYZER_NONNULL = YES;
				CLANG_ANALYZER_NUMBER_OBJECT_CONVERSION = YES_AGGRESSIVE;
				CLANG_CXX_LANGUAGE_STANDARD = "gnu++0x";
				CLANG_CXX_LIBRARY = "libc++";
				CLANG_ENABLE_MODULES = YES;
				CLANG_ENABLE_OBJC_ARC = YES;
				CLANG_WARN_BOOL_CONVERSION = YES;
				CLANG_WARN_CONSTANT_CONVERSION = YES;
				CLANG_WARN_DIRECT_OBJC_ISA_USAGE = YES_ERROR;
				CLANG_WARN_DOCUMENTATION_COMMENTS = YES;
				CLANG_WARN_EMPTY_BODY = YES;
				CLANG_WARN_ENUM_CONVERSION = YES;
				CLANG_WARN_INFINITE_RECURSION = YES;
				CLANG_WARN_INT_CONVERSION = YES;
				CLANG_WARN_OBJC_ROOT_CLASS = YES_ERROR;
				CLANG_WARN_SUSPICIOUS_MOVE = YES;
				CLANG_WARN_UNREACHABLE_CODE = YES;
				CLANG_WARN__DUPLICATE_METHOD_MATCH = YES;
				"CODE_SIGN_IDENTITY[sdk=iphoneos*]" = "iPhone Developer";
				COPY_PHASE_STRIP = NO;
				DEBUG_INFORMATION_FORMAT = "dwarf-with-dsym";
				ENABLE_NS_ASSERTIONS = NO;
				ENABLE_STRICT_OBJC_MSGSEND = YES;
				GCC_C_LANGUAGE_STANDARD = gnu99;
				GCC_NO_COMMON_BLOCKS = YES;
				GCC_WARN_64_TO_32_BIT_CONVERSION = YES;
				GCC_WARN_ABOUT_RETURN_TYPE = YES_ERROR;
				GCC_WARN_UNDECLARED_SELECTOR = YES;
				GCC_WARN_UNINITIALIZED_AUTOS = YES_AGGRESSIVE;
				GCC_WARN_UNUSED_FUNCTION = YES;
				GCC_WARN_UNUSED_VARIABLE = YES;
				IPHONEOS_DEPLOYMENT_TARGET = 10.3;
				MTL_ENABLE_DEBUG_INFO = NO;
				SDKROOT = iphoneos;
				TARGETED_DEVICE_FAMILY = "1,2";
				VALIDATE_PRODUCT = YES;
			};
			name = Release;
		};
		A419356F1EC30B53003FA0FD /* Debug */ = {
			isa = XCBuildConfiguration;
			baseConfigurationReference = E4E06A0B614745D52C1F0E2C /* Pods-JJLoveSport.debug.xcconfig */;
			buildSettings = {
				ASSETCATALOG_COMPILER_APPICON_NAME = AppIcon;
				"CODE_SIGN_IDENTITY[sdk=iphoneos*]" = "iPhone Developer";
				DEVELOPMENT_TEAM = RJ4BT4DZ57;
				GCC_PRECOMPILE_PREFIX_HEADER = YES;
				GCC_PREFIX_HEADER = $SRCROOT/$PRODUCT_NAME/Class/Other/PrefixHeader.pch;
				INFOPLIST_FILE = JJLoveSport/Info.plist;
				LD_RUNPATH_SEARCH_PATHS = "$(inherited) @executable_path/Frameworks";
				PRODUCT_BUNDLE_IDENTIFIER = luowenqi.app.com;
				PRODUCT_NAME = "$(TARGET_NAME)";
				PROVISIONING_PROFILE = "9f058a2d-71a8-46c6-ac44-efca89ed17a1";
				PROVISIONING_PROFILE_SPECIFIER = luowenqi.dev;
			};
			name = Debug;
		};
		A41935701EC30B53003FA0FD /* Release */ = {
			isa = XCBuildConfiguration;
			baseConfigurationReference = 507F3EAB481801A7B70A968D /* Pods-JJLoveSport.release.xcconfig */;
			buildSettings = {
				ASSETCATALOG_COMPILER_APPICON_NAME = AppIcon;
				"CODE_SIGN_IDENTITY[sdk=iphoneos*]" = "iPhone Developer";
				DEVELOPMENT_TEAM = "";
				GCC_PRECOMPILE_PREFIX_HEADER = YES;
				GCC_PREFIX_HEADER = $SRCROOT/$PRODUCT_NAME/Class/Other/PrefixHeader.pch;
				INFOPLIST_FILE = JJLoveSport/Info.plist;
				LD_RUNPATH_SEARCH_PATHS = "$(inherited) @executable_path/Frameworks";
				PRODUCT_BUNDLE_IDENTIFIER = luowenqi.app.com;
				PRODUCT_NAME = "$(TARGET_NAME)";
				PROVISIONING_PROFILE_SPECIFIER = "";
			};
			name = Release;
		};
/* End XCBuildConfiguration section */

/* Begin XCConfigurationList section */
		A41935521EC30B52003FA0FD /* Build configuration list for PBXProject "JJLoveSport" */ = {
			isa = XCConfigurationList;
			buildConfigurations = (
				A419356C1EC30B53003FA0FD /* Debug */,
				A419356D1EC30B53003FA0FD /* Release */,
			);
			defaultConfigurationIsVisible = 0;
			defaultConfigurationName = Release;
		};
		A419356E1EC30B53003FA0FD /* Build configuration list for PBXNativeTarget "JJLoveSport" */ = {
			isa = XCConfigurationList;
			buildConfigurations = (
				A419356F1EC30B53003FA0FD /* Debug */,
				A41935701EC30B53003FA0FD /* Release */,
			);
			defaultConfigurationIsVisible = 0;
			defaultConfigurationName = Release;
		};
/* End XCConfigurationList section */
	};
	rootObject = A419354F1EC30B52003FA0FD /* Project object */;
}
